// !$*UTF8*$!
{
	archiveVersion = 1;
	classes = {
	};
	objectVersion = 46;
	objects = {

/* Begin PBXBuildFile section */
		16659DB61B5481940047D51B /* ResponseCollectionSerializable.swift in Sources */ = {isa = PBXBuildFile; fileRef = 16659DB51B5481940047D51B /* ResponseCollectionSerializable.swift */; };
		16659DB81B5484B40047D51B /* ResponseObjectSerializable.swift in Sources */ = {isa = PBXBuildFile; fileRef = 16659DB71B5484B40047D51B /* ResponseObjectSerializable.swift */; };
		16B396411B54253A00AC9000 /* AppDelegate.swift in Sources */ = {isa = PBXBuildFile; fileRef = 16B396401B54253A00AC9000 /* AppDelegate.swift */; };
		16B396461B54253A00AC9000 /* Main.storyboard in Resources */ = {isa = PBXBuildFile; fileRef = 16B396441B54253A00AC9000 /* Main.storyboard */; };
		16B396481B54253A00AC9000 /* Images.xcassets in Resources */ = {isa = PBXBuildFile; fileRef = 16B396471B54253A00AC9000 /* Images.xcassets */; };
		16B3964B1B54253A00AC9000 /* LaunchScreen.xib in Resources */ = {isa = PBXBuildFile; fileRef = 16B396491B54253A00AC9000 /* LaunchScreen.xib */; };
		16B396571B54253A00AC9000 /* recrutamento_trakt_iosTests.swift in Sources */ = {isa = PBXBuildFile; fileRef = 16B396561B54253A00AC9000 /* recrutamento_trakt_iosTests.swift */; };
		16ECEE0D1B543E2C000294FE /* ShowStore.swift in Sources */ = {isa = PBXBuildFile; fileRef = 16ECEE0C1B543E2C000294FE /* ShowStore.swift */; };
		16ECEE141B543FDA000294FE /* Constants.swift in Sources */ = {isa = PBXBuildFile; fileRef = 16ECEE131B543FDA000294FE /* Constants.swift */; };
		16ECEE1B1B544586000294FE /* ShowCollectionCell.swift in Sources */ = {isa = PBXBuildFile; fileRef = 16ECEE1A1B544586000294FE /* ShowCollectionCell.swift */; };
		16ECEE1D1B544615000294FE /* ShowListViewController.swift in Sources */ = {isa = PBXBuildFile; fileRef = 16ECEE1C1B544615000294FE /* ShowListViewController.swift */; };
		16ECEE1F1B54464D000294FE /* Show.swift in Sources */ = {isa = PBXBuildFile; fileRef = 16ECEE1E1B54464D000294FE /* Show.swift */; };
		16ECEE241B544729000294FE /* BaseRouter.swift in Sources */ = {isa = PBXBuildFile; fileRef = 16ECEE221B544729000294FE /* BaseRouter.swift */; };
		16ECEE251B544729000294FE /* ShowRouter.swift in Sources */ = {isa = PBXBuildFile; fileRef = 16ECEE231B544729000294FE /* ShowRouter.swift */; };
		16F46A551B54AE310002CAB4 /* Alamofire.framework in Frameworks */ = {isa = PBXBuildFile; fileRef = 16F46A541B54AE310002CAB4 /* Alamofire.framework */; };
		16F46A571B54AE9F0002CAB4 /* WebImage.framework in Frameworks */ = {isa = PBXBuildFile; fileRef = 16F46A561B54AE9F0002CAB4 /* WebImage.framework */; };
		16F46A581B54AF2C0002CAB4 /* WebImage.framework in Frameworks */ = {isa = PBXBuildFile; fileRef = 16F46A561B54AE9F0002CAB4 /* WebImage.framework */; };
		16F46A591B54AF2C0002CAB4 /* WebImage.framework in Embed Frameworks */ = {isa = PBXBuildFile; fileRef = 16F46A561B54AE9F0002CAB4 /* WebImage.framework */; settings = {ATTRIBUTES = (CodeSignOnCopy, RemoveHeadersOnCopy, ); }; };
		16F46A5A1B54AF2C0002CAB4 /* Alamofire.framework in Frameworks */ = {isa = PBXBuildFile; fileRef = 16F46A541B54AE310002CAB4 /* Alamofire.framework */; };
		16F46A5B1B54AF2C0002CAB4 /* Alamofire.framework in Embed Frameworks */ = {isa = PBXBuildFile; fileRef = 16F46A541B54AE310002CAB4 /* Alamofire.framework */; settings = {ATTRIBUTES = (CodeSignOnCopy, RemoveHeadersOnCopy, ); }; };
/* End PBXBuildFile section */

/* Begin PBXContainerItemProxy section */
		16B396511B54253A00AC9000 /* PBXContainerItemProxy */ = {
			isa = PBXContainerItemProxy;
			containerPortal = 16B396331B54253A00AC9000 /* Project object */;
			proxyType = 1;
			remoteGlobalIDString = 16B3963A1B54253A00AC9000;
			remoteInfo = "recrutamento-trakt-ios";
		};
/* End PBXContainerItemProxy section */

/* Begin PBXCopyFilesBuildPhase section */
		16F46A5C1B54AF2C0002CAB4 /* Embed Frameworks */ = {
			isa = PBXCopyFilesBuildPhase;
			buildActionMask = 2147483647;
			dstPath = "";
			dstSubfolderSpec = 10;
			files = (
				16F46A591B54AF2C0002CAB4 /* WebImage.framework in Embed Frameworks */,
				16F46A5B1B54AF2C0002CAB4 /* Alamofire.framework in Embed Frameworks */,
			);
			name = "Embed Frameworks";
			runOnlyForDeploymentPostprocessing = 0;
		};
/* End PBXCopyFilesBuildPhase section */

/* Begin PBXFileReference section */
		16659DB51B5481940047D51B /* ResponseCollectionSerializable.swift */ = {isa = PBXFileReference; fileEncoding = 4; lastKnownFileType = sourcecode.swift; path = ResponseCollectionSerializable.swift; sourceTree = "<group>"; };
		16659DB71B5484B40047D51B /* ResponseObjectSerializable.swift */ = {isa = PBXFileReference; fileEncoding = 4; lastKnownFileType = sourcecode.swift; path = ResponseObjectSerializable.swift; sourceTree = "<group>"; };
		16B3963B1B54253A00AC9000 /* recrutamento-trakt-ios.app */ = {isa = PBXFileReference; explicitFileType = wrapper.application; includeInIndex = 0; path = "recrutamento-trakt-ios.app"; sourceTree = BUILT_PRODUCTS_DIR; };
		16B3963F1B54253A00AC9000 /* Info.plist */ = {isa = PBXFileReference; lastKnownFileType = text.plist.xml; path = Info.plist; sourceTree = "<group>"; };
		16B396401B54253A00AC9000 /* AppDelegate.swift */ = {isa = PBXFileReference; lastKnownFileType = sourcecode.swift; path = AppDelegate.swift; sourceTree = "<group>"; };
		16B396451B54253A00AC9000 /* Base */ = {isa = PBXFileReference; lastKnownFileType = file.storyboard; name = Base; path = Base.lproj/Main.storyboard; sourceTree = "<group>"; };
		16B396471B54253A00AC9000 /* Images.xcassets */ = {isa = PBXFileReference; lastKnownFileType = folder.assetcatalog; path = Images.xcassets; sourceTree = "<group>"; };
		16B3964A1B54253A00AC9000 /* Base */ = {isa = PBXFileReference; lastKnownFileType = file.xib; name = Base; path = Base.lproj/LaunchScreen.xib; sourceTree = "<group>"; };
		16B396501B54253A00AC9000 /* recrutamento-trakt-iosTests.xctest */ = {isa = PBXFileReference; explicitFileType = wrapper.cfbundle; includeInIndex = 0; path = "recrutamento-trakt-iosTests.xctest"; sourceTree = BUILT_PRODUCTS_DIR; };
		16B396551B54253A00AC9000 /* Info.plist */ = {isa = PBXFileReference; lastKnownFileType = text.plist.xml; path = Info.plist; sourceTree = "<group>"; };
		16B396561B54253A00AC9000 /* recrutamento_trakt_iosTests.swift */ = {isa = PBXFileReference; lastKnownFileType = sourcecode.swift; path = recrutamento_trakt_iosTests.swift; sourceTree = "<group>"; };
		16ECEE0C1B543E2C000294FE /* ShowStore.swift */ = {isa = PBXFileReference; fileEncoding = 4; lastKnownFileType = sourcecode.swift; path = ShowStore.swift; sourceTree = "<group>"; };
		16ECEE131B543FDA000294FE /* Constants.swift */ = {isa = PBXFileReference; fileEncoding = 4; lastKnownFileType = sourcecode.swift; path = Constants.swift; sourceTree = "<group>"; };
		16ECEE1A1B544586000294FE /* ShowCollectionCell.swift */ = {isa = PBXFileReference; fileEncoding = 4; lastKnownFileType = sourcecode.swift; path = ShowCollectionCell.swift; sourceTree = "<group>"; };
		16ECEE1C1B544615000294FE /* ShowListViewController.swift */ = {isa = PBXFileReference; fileEncoding = 4; lastKnownFileType = sourcecode.swift; path = ShowListViewController.swift; sourceTree = "<group>"; };
		16ECEE1E1B54464D000294FE /* Show.swift */ = {isa = PBXFileReference; fileEncoding = 4; lastKnownFileType = sourcecode.swift; path = Show.swift; sourceTree = "<group>"; };
		16ECEE221B544729000294FE /* BaseRouter.swift */ = {isa = PBXFileReference; fileEncoding = 4; lastKnownFileType = sourcecode.swift; path = BaseRouter.swift; sourceTree = "<group>"; };
		16ECEE231B544729000294FE /* ShowRouter.swift */ = {isa = PBXFileReference; fileEncoding = 4; lastKnownFileType = sourcecode.swift; path = ShowRouter.swift; sourceTree = "<group>"; };
		16F46A541B54AE310002CAB4 /* Alamofire.framework */ = {isa = PBXFileReference; lastKnownFileType = wrapper.framework; name = Alamofire.framework; path = Carthage/Build/iOS/Alamofire.framework; sourceTree = "<group>"; };
		16F46A561B54AE9F0002CAB4 /* WebImage.framework */ = {isa = PBXFileReference; lastKnownFileType = wrapper.framework; name = WebImage.framework; path = Carthage/Build/iOS/WebImage.framework; sourceTree = "<group>"; };
/* End PBXFileReference section */

/* Begin PBXFrameworksBuildPhase section */
		16B396381B54253A00AC9000 /* Frameworks */ = {
			isa = PBXFrameworksBuildPhase;
			buildActionMask = 2147483647;
			files = (
				16F46A581B54AF2C0002CAB4 /* WebImage.framework in Frameworks */,
				16F46A551B54AE310002CAB4 /* Alamofire.framework in Frameworks */,
				16F46A571B54AE9F0002CAB4 /* WebImage.framework in Frameworks */,
				16F46A5A1B54AF2C0002CAB4 /* Alamofire.framework in Frameworks */,
			);
			runOnlyForDeploymentPostprocessing = 0;
		};
		16B3964D1B54253A00AC9000 /* Frameworks */ = {
			isa = PBXFrameworksBuildPhase;
			buildActionMask = 2147483647;
			files = (
			);
			runOnlyForDeploymentPostprocessing = 0;
		};
/* End PBXFrameworksBuildPhase section */

/* Begin PBXGroup section */
		16B396321B54253A00AC9000 = {
			isa = PBXGroup;
			children = (
				16B3963D1B54253A00AC9000 /* recrutamento-trakt-ios */,
				16B396531B54253A00AC9000 /* recrutamento-trakt-iosTests */,
				16B3963C1B54253A00AC9000 /* Products */,
				56375C4D514D51E0F27EF73E /* Frameworks */,
			);
			sourceTree = "<group>";
		};
		16B3963C1B54253A00AC9000 /* Products */ = {
			isa = PBXGroup;
			children = (
				16B3963B1B54253A00AC9000 /* recrutamento-trakt-ios.app */,
				16B396501B54253A00AC9000 /* recrutamento-trakt-iosTests.xctest */,
			);
			name = Products;
			sourceTree = "<group>";
		};
		16B3963D1B54253A00AC9000 /* recrutamento-trakt-ios */ = {
			isa = PBXGroup;
			children = (
				16ECEE171B544517000294FE /* Vendor */,
				16ECEE0E1B543F35000294FE /* Resources */,
				16ECEE081B542734000294FE /* Controller */,
				16ECEE091B542734000294FE /* Model */,
				16ECEE0A1B542734000294FE /* Store */,
				16ECEE0B1B542734000294FE /* View */,
				16B396401B54253A00AC9000 /* AppDelegate.swift */,
				16B396441B54253A00AC9000 /* Main.storyboard */,
				16B396471B54253A00AC9000 /* Images.xcassets */,
				16B396491B54253A00AC9000 /* LaunchScreen.xib */,
				16B3963E1B54253A00AC9000 /* Supporting Files */,
			);
			path = "recrutamento-trakt-ios";
			sourceTree = "<group>";
		};
		16B3963E1B54253A00AC9000 /* Supporting Files */ = {
			isa = PBXGroup;
			children = (
				16B3963F1B54253A00AC9000 /* Info.plist */,
			);
			name = "Supporting Files";
			sourceTree = "<group>";
		};
		16B396531B54253A00AC9000 /* recrutamento-trakt-iosTests */ = {
			isa = PBXGroup;
			children = (
				16B396561B54253A00AC9000 /* recrutamento_trakt_iosTests.swift */,
				16B396541B54253A00AC9000 /* Supporting Files */,
			);
			path = "recrutamento-trakt-iosTests";
			sourceTree = "<group>";
		};
		16B396541B54253A00AC9000 /* Supporting Files */ = {
			isa = PBXGroup;
			children = (
				16B396551B54253A00AC9000 /* Info.plist */,
			);
			name = "Supporting Files";
			sourceTree = "<group>";
		};
		16ECEE081B542734000294FE /* Controller */ = {
			isa = PBXGroup;
			children = (
				16ECEE1C1B544615000294FE /* ShowListViewController.swift */,
			);
			path = Controller;
			sourceTree = "<group>";
		};
		16ECEE091B542734000294FE /* Model */ = {
			isa = PBXGroup;
			children = (
				16ECEE1E1B54464D000294FE /* Show.swift */,
			);
			path = Model;
			sourceTree = "<group>";
		};
		16ECEE0A1B542734000294FE /* Store */ = {
			isa = PBXGroup;
			children = (
				16ECEE211B544714000294FE /* Routers */,
				16ECEE0C1B543E2C000294FE /* ShowStore.swift */,
			);
			path = Store;
			sourceTree = "<group>";
		};
		16ECEE0B1B542734000294FE /* View */ = {
			isa = PBXGroup;
			children = (
				16ECEE1A1B544586000294FE /* ShowCollectionCell.swift */,
			);
			path = View;
			sourceTree = "<group>";
		};
		16ECEE0E1B543F35000294FE /* Resources */ = {
			isa = PBXGroup;
			children = (
				16ECEE131B543FDA000294FE /* Constants.swift */,
			);
			path = Resources;
			sourceTree = "<group>";
		};
		16ECEE171B544517000294FE /* Vendor */ = {
			isa = PBXGroup;
			children = (
				16659DB51B5481940047D51B /* ResponseCollectionSerializable.swift */,
				16659DB71B5484B40047D51B /* ResponseObjectSerializable.swift */,
			);
			path = Vendor;
			sourceTree = "<group>";
		};
		16ECEE211B544714000294FE /* Routers */ = {
			isa = PBXGroup;
			children = (
				16ECEE221B544729000294FE /* BaseRouter.swift */,
				16ECEE231B544729000294FE /* ShowRouter.swift */,
			);
			path = Routers;
			sourceTree = "<group>";
		};
		56375C4D514D51E0F27EF73E /* Frameworks */ = {
			isa = PBXGroup;
			children = (
				16F46A561B54AE9F0002CAB4 /* WebImage.framework */,
				16F46A541B54AE310002CAB4 /* Alamofire.framework */,
			);
			name = Frameworks;
			sourceTree = "<group>";
		};
/* End PBXGroup section */

/* Begin PBXNativeTarget section */
		16B3963A1B54253A00AC9000 /* recrutamento-trakt-ios */ = {
			isa = PBXNativeTarget;
			buildConfigurationList = 16B3965A1B54253A00AC9000 /* Build configuration list for PBXNativeTarget "recrutamento-trakt-ios" */;
			buildPhases = (
				16B396371B54253A00AC9000 /* Sources */,
				16B396381B54253A00AC9000 /* Frameworks */,
				16B396391B54253A00AC9000 /* Resources */,
				16F46A5C1B54AF2C0002CAB4 /* Embed Frameworks */,
			);
			buildRules = (
			);
			dependencies = (
			);
			name = "recrutamento-trakt-ios";
			productName = "recrutamento-trakt-ios";
			productReference = 16B3963B1B54253A00AC9000 /* recrutamento-trakt-ios.app */;
			productType = "com.apple.product-type.application";
		};
		16B3964F1B54253A00AC9000 /* recrutamento-trakt-iosTests */ = {
			isa = PBXNativeTarget;
			buildConfigurationList = 16B3965D1B54253A00AC9000 /* Build configuration list for PBXNativeTarget "recrutamento-trakt-iosTests" */;
			buildPhases = (
				16B3964C1B54253A00AC9000 /* Sources */,
				16B3964D1B54253A00AC9000 /* Frameworks */,
				16B3964E1B54253A00AC9000 /* Resources */,
			);
			buildRules = (
			);
			dependencies = (
				16B396521B54253A00AC9000 /* PBXTargetDependency */,
			);
			name = "recrutamento-trakt-iosTests";
			productName = "recrutamento-trakt-iosTests";
			productReference = 16B396501B54253A00AC9000 /* recrutamento-trakt-iosTests.xctest */;
			productType = "com.apple.product-type.bundle.unit-test";
		};
/* End PBXNativeTarget section */

/* Begin PBXProject section */
		16B396331B54253A00AC9000 /* Project object */ = {
			isa = PBXProject;
			attributes = {
				LastUpgradeCheck = 0640;
				ORGANIZATIONNAME = "Renan Kosicki | K-Mobi";
				TargetAttributes = {
					16B3963A1B54253A00AC9000 = {
						CreatedOnToolsVersion = 6.4;
					};
					16B3964F1B54253A00AC9000 = {
						CreatedOnToolsVersion = 6.4;
						TestTargetID = 16B3963A1B54253A00AC9000;
					};
				};
			};
			buildConfigurationList = 16B396361B54253A00AC9000 /* Build configuration list for PBXProject "recrutamento-trakt-ios" */;
			compatibilityVersion = "Xcode 3.2";
			developmentRegion = English;
			hasScannedForEncodings = 0;
			knownRegions = (
				en,
				Base,
			);
			mainGroup = 16B396321B54253A00AC9000;
			productRefGroup = 16B3963C1B54253A00AC9000 /* Products */;
			projectDirPath = "";
			projectRoot = "";
			targets = (
				16B3963A1B54253A00AC9000 /* recrutamento-trakt-ios */,
				16B3964F1B54253A00AC9000 /* recrutamento-trakt-iosTests */,
			);
		};
/* End PBXProject section */

/* Begin PBXResourcesBuildPhase section */
		16B396391B54253A00AC9000 /* Resources */ = {
			isa = PBXResourcesBuildPhase;
			buildActionMask = 2147483647;
			files = (
				16B396461B54253A00AC9000 /* Main.storyboard in Resources */,
				16B3964B1B54253A00AC9000 /* LaunchScreen.xib in Resources */,
				16B396481B54253A00AC9000 /* Images.xcassets in Resources */,
			);
			runOnlyForDeploymentPostprocessing = 0;
		};
		16B3964E1B54253A00AC9000 /* Resources */ = {
			isa = PBXResourcesBuildPhase;
			buildActionMask = 2147483647;
			files = (
			);
			runOnlyForDeploymentPostprocessing = 0;
		};
/* End PBXResourcesBuildPhase section */

/* Begin PBXSourcesBuildPhase section */
		16B396371B54253A00AC9000 /* Sources */ = {
			isa = PBXSourcesBuildPhase;
			buildActionMask = 2147483647;
			files = (
				16ECEE0D1B543E2C000294FE /* ShowStore.swift in Sources */,
				16ECEE251B544729000294FE /* ShowRouter.swift in Sources */,
				16ECEE1D1B544615000294FE /* ShowListViewController.swift in Sources */,
				16ECEE1B1B544586000294FE /* ShowCollectionCell.swift in Sources */,
				16B396411B54253A00AC9000 /* AppDelegate.swift in Sources */,
				16ECEE1F1B54464D000294FE /* Show.swift in Sources */,
				16659DB81B5484B40047D51B /* ResponseObjectSerializable.swift in Sources */,
				16ECEE141B543FDA000294FE /* Constants.swift in Sources */,
				16ECEE241B544729000294FE /* BaseRouter.swift in Sources */,
				16659DB61B5481940047D51B /* ResponseCollectionSerializable.swift in Sources */,
			);
			runOnlyForDeploymentPostprocessing = 0;
		};
		16B3964C1B54253A00AC9000 /* Sources */ = {
			isa = PBXSourcesBuildPhase;
			buildActionMask = 2147483647;
			files = (
				16B396571B54253A00AC9000 /* recrutamento_trakt_iosTests.swift in Sources */,
			);
			runOnlyForDeploymentPostprocessing = 0;
		};
/* End PBXSourcesBuildPhase section */

/* Begin PBXTargetDependency section */
		16B396521B54253A00AC9000 /* PBXTargetDependency */ = {
			isa = PBXTargetDependency;
			target = 16B3963A1B54253A00AC9000 /* recrutamento-trakt-ios */;
			targetProxy = 16B396511B54253A00AC9000 /* PBXContainerItemProxy */;
		};
/* End PBXTargetDependency section */

/* Begin PBXVariantGroup section */
		16B396441B54253A00AC9000 /* Main.storyboard */ = {
			isa = PBXVariantGroup;
			children = (
				16B396451B54253A00AC9000 /* Base */,
			);
			name = Main.storyboard;
			sourceTree = "<group>";
		};
		16B396491B54253A00AC9000 /* LaunchScreen.xib */ = {
			isa = PBXVariantGroup;
			children = (
				16B3964A1B54253A00AC9000 /* Base */,
			);
			name = LaunchScreen.xib;
			sourceTree = "<group>";
		};
/* End PBXVariantGroup section */

/* Begin XCBuildConfiguration section */
		16B396581B54253A00AC9000 /* Debug */ = {
			isa = XCBuildConfiguration;
			buildSettings = {
				ALWAYS_SEARCH_USER_PATHS = NO;
				CLANG_CXX_LANGUAGE_STANDARD = "gnu++0x";
				CLANG_CXX_LIBRARY = "libc++";
				CLANG_ENABLE_MODULES = YES;
				CLANG_ENABLE_OBJC_ARC = YES;
				CLANG_WARN_BOOL_CONVERSION = YES;
				CLANG_WARN_CONSTANT_CONVERSION = YES;
				CLANG_WARN_DIRECT_OBJC_ISA_USAGE = YES_ERROR;
				CLANG_WARN_EMPTY_BODY = YES;
				CLANG_WARN_ENUM_CONVERSION = YES;
				CLANG_WARN_INT_CONVERSION = YES;
				CLANG_WARN_OBJC_ROOT_CLASS = YES_ERROR;
				CLANG_WARN_UNREACHABLE_CODE = YES;
				CLANG_WARN__DUPLICATE_METHOD_MATCH = YES;
				"CODE_SIGN_IDENTITY[sdk=iphoneos*]" = "iPhone Developer";
				COPY_PHASE_STRIP = NO;
				DEBUG_INFORMATION_FORMAT = "dwarf-with-dsym";
				ENABLE_STRICT_OBJC_MSGSEND = YES;
				GCC_C_LANGUAGE_STANDARD = gnu99;
				GCC_DYNAMIC_NO_PIC = NO;
				GCC_NO_COMMON_BLOCKS = YES;
				GCC_OPTIMIZATION_LEVEL = 0;
				GCC_PREPROCESSOR_DEFINITIONS = (
					"DEBUG=1",
					"$(inherited)",
				);
				GCC_SYMBOLS_PRIVATE_EXTERN = NO;
				GCC_WARN_64_TO_32_BIT_CONVERSION = YES;
				GCC_WARN_ABOUT_RETURN_TYPE = YES_ERROR;
				GCC_WARN_UNDECLARED_SELECTOR = YES;
				GCC_WARN_UNINITIALIZED_AUTOS = YES_AGGRESSIVE;
				GCC_WARN_UNUSED_FUNCTION = YES;
				GCC_WARN_UNUSED_VARIABLE = YES;
				IPHONEOS_DEPLOYMENT_TARGET = 8.4;
				MTL_ENABLE_DEBUG_INFO = YES;
				ONLY_ACTIVE_ARCH = YES;
				SDKROOT = iphoneos;
				SWIFT_OPTIMIZATION_LEVEL = "-Onone";
			};
			name = Debug;
		};
		16B396591B54253A00AC9000 /* Release */ = {
			isa = XCBuildConfiguration;
			buildSettings = {
				ALWAYS_SEARCH_USER_PATHS = NO;
				CLANG_CXX_LANGUAGE_STANDARD = "gnu++0x";
				CLANG_CXX_LIBRARY = "libc++";
				CLANG_ENABLE_MODULES = YES;
				CLANG_ENABLE_OBJC_ARC = YES;
				CLANG_WARN_BOOL_CONVERSION = YES;
				CLANG_WARN_CONSTANT_CONVERSION = YES;
				CLANG_WARN_DIRECT_OBJC_ISA_USAGE = YES_ERROR;
				CLANG_WARN_EMPTY_BODY = YES;
				CLANG_WARN_ENUM_CONVERSION = YES;
				CLANG_WARN_INT_CONVERSION = YES;
				CLANG_WARN_OBJC_ROOT_CLASS = YES_ERROR;
				CLANG_WARN_UNREACHABLE_CODE = YES;
				CLANG_WARN__DUPLICATE_METHOD_MATCH = YES;
				"CODE_SIGN_IDENTITY[sdk=iphoneos*]" = "iPhone Developer";
				COPY_PHASE_STRIP = NO;
				DEBUG_INFORMATION_FORMAT = "dwarf-with-dsym";
				ENABLE_NS_ASSERTIONS = NO;
				ENABLE_STRICT_OBJC_MSGSEND = YES;
				GCC_C_LANGUAGE_STANDARD = gnu99;
				GCC_NO_COMMON_BLOCKS = YES;
				GCC_WARN_64_TO_32_BIT_CONVERSION = YES;
				GCC_WARN_ABOUT_RETURN_TYPE = YES_ERROR;
				GCC_WARN_UNDECLARED_SELECTOR = YES;
				GCC_WARN_UNINITIALIZED_AUTOS = YES_AGGRESSIVE;
				GCC_WARN_UNUSED_FUNCTION = YES;
				GCC_WARN_UNUSED_VARIABLE = YES;
				IPHONEOS_DEPLOYMENT_TARGET = 8.4;
				MTL_ENABLE_DEBUG_INFO = NO;
				SDKROOT = iphoneos;
				VALIDATE_PRODUCT = YES;
			};
			name = Release;
		};
		16B3965B1B54253A00AC9000 /* Debug */ = {
			isa = XCBuildConfiguration;
			buildSettings = {
				ASSETCATALOG_COMPILER_APPICON_NAME = AppIcon;
				FRAMEWORK_SEARCH_PATHS = (
					"$(inherited)",
					"$(PROJECT_DIR)/Carthage/Build/iOS",
				);
				INFOPLIST_FILE = "recrutamento-trakt-ios/Info.plist";
				LD_RUNPATH_SEARCH_PATHS = "$(inherited) @executable_path/Frameworks";
				PRODUCT_NAME = "$(TARGET_NAME)";
				TARGETED_DEVICE_FAMILY = "1,2";
			};
			name = Debug;
		};
		16B3965C1B54253A00AC9000 /* Release */ = {
			isa = XCBuildConfiguration;
			buildSettings = {
				ASSETCATALOG_COMPILER_APPICON_NAME = AppIcon;
				FRAMEWORK_SEARCH_PATHS = (
					"$(inherited)",
					"$(PROJECT_DIR)/Carthage/Build/iOS",
				);
				INFOPLIST_FILE = "recrutamento-trakt-ios/Info.plist";
				LD_RUNPATH_SEARCH_PATHS = "$(inherited) @executable_path/Frameworks";
				PRODUCT_NAME = "$(TARGET_NAME)";
				TARGETED_DEVICE_FAMILY = "1,2";
			};
			name = Release;
		};
		16B3965E1B54253A00AC9000 /* Debug */ = {
			isa = XCBuildConfiguration;
			buildSettings = {
				BUNDLE_LOADER = "$(TEST_HOST)";
				FRAMEWORK_SEARCH_PATHS = (
					"$(SDKROOT)/Developer/Library/Frameworks",
					"$(inherited)",
				);
				GCC_PREPROCESSOR_DEFINITIONS = (
					"DEBUG=1",
					"$(inherited)",
				);
				INFOPLIST_FILE = "recrutamento-trakt-iosTests/Info.plist";
				LD_RUNPATH_SEARCH_PATHS = "$(inherited) @executable_path/Frameworks @loader_path/Frameworks";
				PRODUCT_NAME = "$(TARGET_NAME)";
				TEST_HOST = "$(BUILT_PRODUCTS_DIR)/recrutamento-trakt-ios.app/recrutamento-trakt-ios";
			};
			name = Debug;
		};
		16B3965F1B54253A00AC9000 /* Release */ = {
			isa = XCBuildConfiguration;
			buildSettings = {
				BUNDLE_LOADER = "$(TEST_HOST)";
				FRAMEWORK_SEARCH_PATHS = (
					"$(SDKROOT)/Developer/Library/Frameworks",
					"$(inherited)",
				);
				INFOPLIST_FILE = "recrutamento-trakt-iosTests/Info.plist";
				LD_RUNPATH_SEARCH_PATHS = "$(inherited) @executable_path/Frameworks @loader_path/Frameworks";
				PRODUCT_NAME = "$(TARGET_NAME)";
				TEST_HOST = "$(BUILT_PRODUCTS_DIR)/recrutamento-trakt-ios.app/recrutamento-trakt-ios";
			};
			name = Release;
		};
/* End XCBuildConfiguration section */

/* Begin XCConfigurationList section */
		16B396361B54253A00AC9000 /* Build configuration list for PBXProject "recrutamento-trakt-ios" */ = {
			isa = XCConfigurationList;
			buildConfigurations = (
				16B396581B54253A00AC9000 /* Debug */,
				16B396591B54253A00AC9000 /* Release */,
			);
			defaultConfigurationIsVisible = 0;
			defaultConfigurationName = Release;
		};
		16B3965A1B54253A00AC9000 /* Build configuration list for PBXNativeTarget "recrutamento-trakt-ios" */ = {
			isa = XCConfigurationList;
			buildConfigurations = (
				16B3965B1B54253A00AC9000 /* Debug */,
				16B3965C1B54253A00AC9000 /* Release */,
			);
			defaultConfigurationIsVisible = 0;
			defaultConfigurationName = Release;
		};
		16B3965D1B54253A00AC9000 /* Build configuration list for PBXNativeTarget "recrutamento-trakt-iosTests" */ = {
			isa = XCConfigurationList;
			buildConfigurations = (
				16B3965E1B54253A00AC9000 /* Debug */,
				16B3965F1B54253A00AC9000 /* Release */,
			);
			defaultConfigurationIsVisible = 0;
			defaultConfigurationName = Release;
		};
/* End XCConfigurationList section */
	};
	rootObject = 16B396331B54253A00AC9000 /* Project object */;
}
